
Microsoft Visual Studio Solution File, Format Version 12.00
# Visual Studio Version 17
VisualStudioVersion = 17.2.32616.157
MinimumVisualStudioVersion = 10.0.40219.1
Project("{FAE04EC0-301F-11D3-BF4B-00C04F79EFBC}") = "CarInfoTask", "CarInfoTask\CarInfoTask.csproj", "{807E3F97-55C1-4EBB-8256-385C551FA9CE}"
EndProject
Global
	GlobalSection(SolutionConfigurationPlatforms) = preSolution
		Debug|Any CPU = Debug|Any CPU
		Release|Any CPU = Release|Any CPU
	EndGlobalSection
	GlobalSection(ProjectConfigurationPlatforms) = postSolution
		{807E3F97-55C1-4EBB-8256-385C551FA9CE}.Debug|Any CPU.ActiveCfg = Debug|Any CPU
		{807E3F97-55C1-4EBB-8256-385C551FA9CE}.Debug|Any CPU.Build.0 = Debug|Any CPU
		{807E3F97-55C1-4EBB-8256-385C551FA9CE}.Release|Any CPU.ActiveCfg = Release|Any CPU
		{807E3F97-55C1-4EBB-8256-385C551FA9CE}.Release|Any CPU.Build.0 = Release|Any CPU
	EndGlobalSection
	GlobalSection(SolutionProperties) = preSolution
		HideSolutionNode = FALSE
	EndGlobalSection
	GlobalSection(ExtensibilityGlobals) = postSolution
		SolutionGuid = {A782636C-859F-41BD-A2D5-A954F4FD8757}
	EndGlobalSection
EndGlobal
